
Microsoft Visual Studio Solution File, Format Version 12.00
Project("{2150E333-8FDC-42A3-9474-1A3956D46DE8}") = "server", "server", "{B69D2DA9-8FC8-4C6B-903D-4141C1D9C91F}"
EndProject
Project("{2150E333-8FDC-42A3-9474-1A3956D46DE8}") = "Shared", "Shared", "{3E477DDD-DBC6-41FA-9A7E-317C3E34E154}"
EndProject
Project("{2150E333-8FDC-42A3-9474-1A3956D46DE8}") = "client", "client", "{2CB68D6C-297F-40A4-B187-6704A510A1EB}"
EndProject
Project("{FAE04EC0-301F-11D3-BF4B-00C04F79EFBC}") = "Citrouille.Data", "server\Citrouille.Data\Citrouille.Data.csproj", "{B0F31D04-F7B2-432E-A2B6-FA1E68B8B15B}"
EndProject
Project("{FAE04EC0-301F-11D3-BF4B-00C04F79EFBC}") = "Citrouille.Shared", "server\Shared\Citrouille.Shared\Citrouille.Shared.csproj", "{63DA5C5A-F339-4387-99E7-8A6B7F6BAC38}"
EndProject
Project("{FAE04EC0-301F-11D3-BF4B-00C04F79EFBC}") = "Citrouille.Infrastructure", "server\Citrouille.Infrastructure\Citrouille.Infrastructure.csproj", "{97181C49-1FD4-4682-9CAC-D24D3E5A9571}"
EndProject
Project("{FAE04EC0-301F-11D3-BF4B-00C04F79EFBC}") = "Citrouille.Api", "server\Citrouille.Api\Citrouille.Api.csproj", "{986099DA-A235-42E5-8256-591AB6BA26F4}"
EndProject
Global
	GlobalSection(SolutionConfigurationPlatforms) = preSolution
		Debug|Any CPU = Debug|Any CPU
		Release|Any CPU = Release|Any CPU
	EndGlobalSection
	GlobalSection(NestedProjects) = preSolution
		{3E477DDD-DBC6-41FA-9A7E-317C3E34E154} = {B69D2DA9-8FC8-4C6B-903D-4141C1D9C91F}
		{B0F31D04-F7B2-432E-A2B6-FA1E68B8B15B} = {B69D2DA9-8FC8-4C6B-903D-4141C1D9C91F}
		{63DA5C5A-F339-4387-99E7-8A6B7F6BAC38} = {3E477DDD-DBC6-41FA-9A7E-317C3E34E154}
		{97181C49-1FD4-4682-9CAC-D24D3E5A9571} = {B69D2DA9-8FC8-4C6B-903D-4141C1D9C91F}
		{986099DA-A235-42E5-8256-591AB6BA26F4} = {B69D2DA9-8FC8-4C6B-903D-4141C1D9C91F}
	EndGlobalSection
	GlobalSection(ProjectConfigurationPlatforms) = postSolution
		{B0F31D04-F7B2-432E-A2B6-FA1E68B8B15B}.Debug|Any CPU.ActiveCfg = Debug|Any CPU
		{B0F31D04-F7B2-432E-A2B6-FA1E68B8B15B}.Debug|Any CPU.Build.0 = Debug|Any CPU
		{B0F31D04-F7B2-432E-A2B6-FA1E68B8B15B}.Release|Any CPU.ActiveCfg = Release|Any CPU
		{B0F31D04-F7B2-432E-A2B6-FA1E68B8B15B}.Release|Any CPU.Build.0 = Release|Any CPU
		{63DA5C5A-F339-4387-99E7-8A6B7F6BAC38}.Debug|Any CPU.ActiveCfg = Debug|Any CPU
		{63DA5C5A-F339-4387-99E7-8A6B7F6BAC38}.Debug|Any CPU.Build.0 = Debug|Any CPU
		{63DA5C5A-F339-4387-99E7-8A6B7F6BAC38}.Release|Any CPU.ActiveCfg = Release|Any CPU
		{63DA5C5A-F339-4387-99E7-8A6B7F6BAC38}.Release|Any CPU.Build.0 = Release|Any CPU
		{97181C49-1FD4-4682-9CAC-D24D3E5A9571}.Debug|Any CPU.ActiveCfg = Debug|Any CPU
		{97181C49-1FD4-4682-9CAC-D24D3E5A9571}.Debug|Any CPU.Build.0 = Debug|Any CPU
		{97181C49-1FD4-4682-9CAC-D24D3E5A9571}.Release|Any CPU.ActiveCfg = Release|Any CPU
		{97181C49-1FD4-4682-9CAC-D24D3E5A9571}.Release|Any CPU.Build.0 = Release|Any CPU
		{986099DA-A235-42E5-8256-591AB6BA26F4}.Debug|Any CPU.ActiveCfg = Debug|Any CPU
		{986099DA-A235-42E5-8256-591AB6BA26F4}.Debug|Any CPU.Build.0 = Debug|Any CPU
		{986099DA-A235-42E5-8256-591AB6BA26F4}.Release|Any CPU.ActiveCfg = Release|Any CPU
		{986099DA-A235-42E5-8256-591AB6BA26F4}.Release|Any CPU.Build.0 = Release|Any CPU
	EndGlobalSection
EndGlobal
